
Microsoft Visual Studio Solution File, Format Version 12.00
# Visual Studio Version 17
VisualStudioVersion = 17.10.35013.160
MinimumVisualStudioVersion = 10.0.40219.1
Project("{9A19103F-16F7-4668-BE54-9A1E7A4F7556}") = "JobCandidateHub.API", "JobCandidateHub.API\JobCandidateHub.API.csproj", "{CAA0E045-C0AE-4D23-9ABF-90AB9D0B246B}"
EndProject
Project("{9A19103F-16F7-4668-BE54-9A1E7A4F7556}") = "JobCandidateHub.Application", "JobCandidateHub.Application\JobCandidateHub.Application.csproj", "{98B6B24D-07BA-4860-AD88-7C650C867336}"
EndProject
Project("{9A19103F-16F7-4668-BE54-9A1E7A4F7556}") = "JobCandidateHub.Infrastructure", "JobCandidateHub.Infrastructure\JobCandidateHub.Infrastructure.csproj", "{83E8BB0C-570D-4E53-8F1C-BC0DB33B6BE4}"
EndProject
Project("{9A19103F-16F7-4668-BE54-9A1E7A4F7556}") = "JobCandidateHub.Domain", "JobCandidateHub.Service\JobCandidateHub.Domain.csproj", "{8B814363-154D-46EF-A8A2-DBA07ACD51E0}"
EndProject
Project("{9A19103F-16F7-4668-BE54-9A1E7A4F7556}") = "JobCandidateHub.UnitTest", "JobCandidateHub.UnitTest\JobCandidateHub.UnitTest.csproj", "{344BCD72-D9D3-44E9-91E5-E0C142B4D048}"
EndProject
Global
	GlobalSection(SolutionConfigurationPlatforms) = preSolution
		Debug|Any CPU = Debug|Any CPU
		Release|Any CPU = Release|Any CPU
	EndGlobalSection
	GlobalSection(ProjectConfigurationPlatforms) = postSolution
		{CAA0E045-C0AE-4D23-9ABF-90AB9D0B246B}.Debug|Any CPU.ActiveCfg = Debug|Any CPU
		{CAA0E045-C0AE-4D23-9ABF-90AB9D0B246B}.Debug|Any CPU.Build.0 = Debug|Any CPU
		{CAA0E045-C0AE-4D23-9ABF-90AB9D0B246B}.Release|Any CPU.ActiveCfg = Release|Any CPU
		{CAA0E045-C0AE-4D23-9ABF-90AB9D0B246B}.Release|Any CPU.Build.0 = Release|Any CPU
		{98B6B24D-07BA-4860-AD88-7C650C867336}.Debug|Any CPU.ActiveCfg = Debug|Any CPU
		{98B6B24D-07BA-4860-AD88-7C650C867336}.Debug|Any CPU.Build.0 = Debug|Any CPU
		{98B6B24D-07BA-4860-AD88-7C650C867336}.Release|Any CPU.ActiveCfg = Release|Any CPU
		{98B6B24D-07BA-4860-AD88-7C650C867336}.Release|Any CPU.Build.0 = Release|Any CPU
		{83E8BB0C-570D-4E53-8F1C-BC0DB33B6BE4}.Debug|Any CPU.ActiveCfg = Debug|Any CPU
		{83E8BB0C-570D-4E53-8F1C-BC0DB33B6BE4}.Debug|Any CPU.Build.0 = Debug|Any CPU
		{83E8BB0C-570D-4E53-8F1C-BC0DB33B6BE4}.Release|Any CPU.ActiveCfg = Release|Any CPU
		{83E8BB0C-570D-4E53-8F1C-BC0DB33B6BE4}.Release|Any CPU.Build.0 = Release|Any CPU
		{8B814363-154D-46EF-A8A2-DBA07ACD51E0}.Debug|Any CPU.ActiveCfg = Debug|Any CPU
		{8B814363-154D-46EF-A8A2-DBA07ACD51E0}.Debug|Any CPU.Build.0 = Debug|Any CPU
		{8B814363-154D-46EF-A8A2-DBA07ACD51E0}.Release|Any CPU.ActiveCfg = Release|Any CPU
		{8B814363-154D-46EF-A8A2-DBA07ACD51E0}.Release|Any CPU.Build.0 = Release|Any CPU
		{344BCD72-D9D3-44E9-91E5-E0C142B4D048}.Debug|Any CPU.ActiveCfg = Debug|Any CPU
		{344BCD72-D9D3-44E9-91E5-E0C142B4D048}.Debug|Any CPU.Build.0 = Debug|Any CPU
		{344BCD72-D9D3-44E9-91E5-E0C142B4D048}.Release|Any CPU.ActiveCfg = Release|Any CPU
		{344BCD72-D9D3-44E9-91E5-E0C142B4D048}.Release|Any CPU.Build.0 = Release|Any CPU
	EndGlobalSection
	GlobalSection(SolutionProperties) = preSolution
		HideSolutionNode = FALSE
	EndGlobalSection
	GlobalSection(ExtensibilityGlobals) = postSolution
		SolutionGuid = {F399261E-A3F1-41CA-AC97-CA262A1D8BFF}
	EndGlobalSection
EndGlobal
